{
  "name": "personal-task-dashboard-project",
  "lockfileVersion": 3,
  "requires": true,
  "packages": {
    "": {
      "name": "personal-task-dashboard-project",
      "dependencies": {
        "@tanstack/react-query": "^5.85.9"
      }
    },
    "node_modules/@tanstack/query-core": {
      "version": "5.85.9",
      "resolved": "https://registry.npmjs.org/@tanstack/query-core/-/query-core-5.85.9.tgz",
      "integrity": "sha512-5fxb9vwyftYE6KFLhhhDyLr8NO75+Wpu7pmTo+TkwKmMX2oxZDoLwcqGP8ItKSpUMwk3urWgQDZfyWr5Jm9LsQ==",
      "license": "MIT",
      "funding": {
        "type": "github",
        "url": "https://github.com/sponsors/tannerlinsley"
      }
    },
    "node_modules/@tanstack/react-query": {
      "version": "5.85.9",
      "resolved": "https://registry.npmjs.org/@tanstack/react-query/-/react-query-5.85.9.tgz",
      "integrity": "sha512-2T5zgSpcOZXGkH/UObIbIkGmUPQqZqn7esVQFXLOze622h4spgWf5jmvrqAo9dnI13/hyMcNsF1jsoDcb59nJQ==",
      "license": "MIT",
      "dependencies": {
        "@tanstack/query-core": "5.85.9"
      },
      "funding": {
        "type": "github",
        "url": "https://github.com/sponsors/tannerlinsley"
      },
      "peerDependencies": {
        "react": "^18 || ^19"
      }
    },
    "node_modules/react": {
      "version": "19.1.1",
      "resolved": "https://registry.npmjs.org/react/-/react-19.1.1.tgz",
      "integrity": "sha512-w8nqGImo45dmMIfljjMwOGtbmC/mk4CMYhWIicdSflH91J9TyCyczcPFXJzrZ/ZXcgGRFeP6BU0BEJTw6tZdfQ==",
      "license": "MIT",
      "peer": true,
      "engines": {
        "node": ">=0.10.0"
      }
    }
  }
}
